
Microsoft Visual Studio Solution File, Format Version 12.00
# Visual Studio 15
VisualStudioVersion = 15.0.27703.2000
MinimumVisualStudioVersion = 10.0.40219.1
Project("{FAE04EC0-301F-11D3-BF4B-00C04F79EFBC}") = "ConsoleApp1", "ConsoleApp1\ConsoleApp1.csproj", "{7FBDF668-4443-448F-A62A-E0F0DEAF505A}"
EndProject
Global
	GlobalSection(SolutionConfigurationPlatforms) = preSolution
		Debug|Any CPU = Debug|Any CPU
		Release|Any CPU = Release|Any CPU
	EndGlobalSection
	GlobalSection(ProjectConfigurationPlatforms) = postSolution
		{7FBDF668-4443-448F-A62A-E0F0DEAF505A}.Debug|Any CPU.ActiveCfg = Debug|Any CPU
		{7FBDF668-4443-448F-A62A-E0F0DEAF505A}.Debug|Any CPU.Build.0 = Debug|Any CPU
		{7FBDF668-4443-448F-A62A-E0F0DEAF505A}.Release|Any CPU.ActiveCfg = Release|Any CPU
		{7FBDF668-4443-448F-A62A-E0F0DEAF505A}.Release|Any CPU.Build.0 = Release|Any CPU
	EndGlobalSection
	GlobalSection(SolutionProperties) = preSolution
		HideSolutionNode = FALSE
	EndGlobalSection
	GlobalSection(ExtensibilityGlobals) = postSolution
		SolutionGuid = {6F500748-5AD0-4744-8665-50ABFBE1E179}
	EndGlobalSection
EndGlobal
